
Microsoft Visual Studio Solution File, Format Version 12.00
# Visual Studio Version 17
VisualStudioVersion = 17.13.35828.75
MinimumVisualStudioVersion = 10.0.40219.1
Project("{8BC9CEB8-8B4A-11D0-8D11-00A0C91BC942}") = "STL", "STL\STL.vcxproj", "{EC12224B-2A96-4652-A09C-4F1A335211B3}"
EndProject
Project("{8BC9CEB8-8B4A-11D0-8D11-00A0C91BC942}") = "SequenceContainers", "SequenceContainers\SequenceContainers.vcxproj", "{2233D91C-98AE-4BB6-BFB9-A6113532362B}"
EndProject
Project("{8BC9CEB8-8B4A-11D0-8D11-00A0C91BC942}") = "Factorial_cherez_class", "Factorial_cherez_class\Factorial_cherez_class.vcxproj", "{B16330C9-F1A0-4876-8DC1-125A0E7332D5}"
EndProject
Global
	GlobalSection(SolutionConfigurationPlatforms) = preSolution
		Debug|x64 = Debug|x64
		Debug|x86 = Debug|x86
		Release|x64 = Release|x64
		Release|x86 = Release|x86
	EndGlobalSection
	GlobalSection(ProjectConfigurationPlatforms) = postSolution
		{EC12224B-2A96-4652-A09C-4F1A335211B3}.Debug|x64.ActiveCfg = Debug|x64
		{EC12224B-2A96-4652-A09C-4F1A335211B3}.Debug|x64.Build.0 = Debug|x64
		{EC12224B-2A96-4652-A09C-4F1A335211B3}.Debug|x86.ActiveCfg = Debug|Win32
		{EC12224B-2A96-4652-A09C-4F1A335211B3}.Debug|x86.Build.0 = Debug|Win32
		{EC12224B-2A96-4652-A09C-4F1A335211B3}.Release|x64.ActiveCfg = Release|x64
		{EC12224B-2A96-4652-A09C-4F1A335211B3}.Release|x64.Build.0 = Release|x64
		{EC12224B-2A96-4652-A09C-4F1A335211B3}.Release|x86.ActiveCfg = Release|Win32
		{EC12224B-2A96-4652-A09C-4F1A335211B3}.Release|x86.Build.0 = Release|Win32
		{2233D91C-98AE-4BB6-BFB9-A6113532362B}.Debug|x64.ActiveCfg = Debug|x64
		{2233D91C-98AE-4BB6-BFB9-A6113532362B}.Debug|x64.Build.0 = Debug|x64
		{2233D91C-98AE-4BB6-BFB9-A6113532362B}.Debug|x86.ActiveCfg = Debug|Win32
		{2233D91C-98AE-4BB6-BFB9-A6113532362B}.Debug|x86.Build.0 = Debug|Win32
		{2233D91C-98AE-4BB6-BFB9-A6113532362B}.Release|x64.ActiveCfg = Release|x64
		{2233D91C-98AE-4BB6-BFB9-A6113532362B}.Release|x64.Build.0 = Release|x64
		{2233D91C-98AE-4BB6-BFB9-A6113532362B}.Release|x86.ActiveCfg = Release|Win32
		{2233D91C-98AE-4BB6-BFB9-A6113532362B}.Release|x86.Build.0 = Release|Win32
		{B16330C9-F1A0-4876-8DC1-125A0E7332D5}.Debug|x64.ActiveCfg = Debug|x64
		{B16330C9-F1A0-4876-8DC1-125A0E7332D5}.Debug|x64.Build.0 = Debug|x64
		{B16330C9-F1A0-4876-8DC1-125A0E7332D5}.Debug|x86.ActiveCfg = Debug|Win32
		{B16330C9-F1A0-4876-8DC1-125A0E7332D5}.Debug|x86.Build.0 = Debug|Win32
		{B16330C9-F1A0-4876-8DC1-125A0E7332D5}.Release|x64.ActiveCfg = Release|x64
		{B16330C9-F1A0-4876-8DC1-125A0E7332D5}.Release|x64.Build.0 = Release|x64
		{B16330C9-F1A0-4876-8DC1-125A0E7332D5}.Release|x86.ActiveCfg = Release|Win32
		{B16330C9-F1A0-4876-8DC1-125A0E7332D5}.Release|x86.Build.0 = Release|Win32
	EndGlobalSection
	GlobalSection(SolutionProperties) = preSolution
		HideSolutionNode = FALSE
	EndGlobalSection
	GlobalSection(ExtensibilityGlobals) = postSolution
		SolutionGuid = {D2B75C2C-78B1-4BB4-814F-02743451EE56}
	EndGlobalSection
EndGlobal
